// !$*UTF8*$!
{
	archiveVersion = 1;
	classes = {
	};
	objectVersion = 46;
	objects = {

/* Begin PBXBuildFile section */
		A7552DFB1F08D7CB00BAADA2 /* CurrencyViewModel.swift in Sources */ = {isa = PBXBuildFile; fileRef = A7552DFA1F08D7CB00BAADA2 /* CurrencyViewModel.swift */; };
		A7552DFD1F09239800BAADA2 /* BasketTests.swift in Sources */ = {isa = PBXBuildFile; fileRef = A7552DFC1F09239800BAADA2 /* BasketTests.swift */; };
		A7552DFE1F09351F00BAADA2 /* Basket.swift in Sources */ = {isa = PBXBuildFile; fileRef = A791C3271F07D75200A7666E /* Basket.swift */; };
		A7552E001F0943FF00BAADA2 /* CurrencySelectorViewController.swift in Sources */ = {isa = PBXBuildFile; fileRef = A7552DFF1F0943FF00BAADA2 /* CurrencySelectorViewController.swift */; };
		A7552E021F09441C00BAADA2 /* ShopViewController.swift in Sources */ = {isa = PBXBuildFile; fileRef = A7552E011F09441C00BAADA2 /* ShopViewController.swift */; };
		A77BAC841F079A590023F2CD /* AppDelegate.swift in Sources */ = {isa = PBXBuildFile; fileRef = A77BAC831F079A590023F2CD /* AppDelegate.swift */; };
		A77BAC891F079A590023F2CD /* ShopBasket.storyboard in Resources */ = {isa = PBXBuildFile; fileRef = A77BAC871F079A590023F2CD /* ShopBasket.storyboard */; };
		A77BAC8B1F079A590023F2CD /* Assets.xcassets in Resources */ = {isa = PBXBuildFile; fileRef = A77BAC8A1F079A590023F2CD /* Assets.xcassets */; };
		A77BAC8E1F079A590023F2CD /* LaunchScreen.storyboard in Resources */ = {isa = PBXBuildFile; fileRef = A77BAC8C1F079A590023F2CD /* LaunchScreen.storyboard */; };
		A77BAC991F079A590023F2CD /* ShopBasketTests.swift in Sources */ = {isa = PBXBuildFile; fileRef = A77BAC981F079A590023F2CD /* ShopBasketTests.swift */; };
		A77BACA41F079A590023F2CD /* ShopBasketUITests.swift in Sources */ = {isa = PBXBuildFile; fileRef = A77BACA31F079A590023F2CD /* ShopBasketUITests.swift */; };
		A77BACB71F079B4E0023F2CD /* JSONRateService.swift in Sources */ = {isa = PBXBuildFile; fileRef = A77BACB61F079B4E0023F2CD /* JSONRateService.swift */; };
		A77BACB91F079D4D0023F2CD /* currenciesMock.json in Resources */ = {isa = PBXBuildFile; fileRef = A77BACB81F079D4D0023F2CD /* currenciesMock.json */; };
		A77BACBA1F079D4D0023F2CD /* currenciesMock.json in Resources */ = {isa = PBXBuildFile; fileRef = A77BACB81F079D4D0023F2CD /* currenciesMock.json */; };
		A77BACC61F07A3E30023F2CD /* Exchangeable.swift in Sources */ = {isa = PBXBuildFile; fileRef = A77BACC51F07A3E30023F2CD /* Exchangeable.swift */; };
		A77BACC71F07A3E30023F2CD /* Exchangeable.swift in Sources */ = {isa = PBXBuildFile; fileRef = A77BACC51F07A3E30023F2CD /* Exchangeable.swift */; };
		A77BACC91F07A6880023F2CD /* Currency.swift in Sources */ = {isa = PBXBuildFile; fileRef = A77BACC21F07A3D90023F2CD /* Currency.swift */; };
		A791C3211F07A98700A7666E /* Currency.swift in Sources */ = {isa = PBXBuildFile; fileRef = A77BACC21F07A3D90023F2CD /* Currency.swift */; };
		A791C3231F07BED600A7666E /* CurrencyTests.swift in Sources */ = {isa = PBXBuildFile; fileRef = A791C3221F07BED600A7666E /* CurrencyTests.swift */; };
		A791C3281F07D75200A7666E /* Basket.swift in Sources */ = {isa = PBXBuildFile; fileRef = A791C3271F07D75200A7666E /* Basket.swift */; };
/* End PBXBuildFile section */

/* Begin PBXContainerItemProxy section */
		A77BAC951F079A590023F2CD /* PBXContainerItemProxy */ = {
			isa = PBXContainerItemProxy;
			containerPortal = A77BAC781F079A590023F2CD /* Project object */;
			proxyType = 1;
			remoteGlobalIDString = A77BAC7F1F079A590023F2CD;
			remoteInfo = ShopBasket;
		};
		A77BACA01F079A590023F2CD /* PBXContainerItemProxy */ = {
			isa = PBXContainerItemProxy;
			containerPortal = A77BAC781F079A590023F2CD /* Project object */;
			proxyType = 1;
			remoteGlobalIDString = A77BAC7F1F079A590023F2CD;
			remoteInfo = ShopBasket;
		};
/* End PBXContainerItemProxy section */

/* Begin PBXFileReference section */
		A7552DFA1F08D7CB00BAADA2 /* CurrencyViewModel.swift */ = {isa = PBXFileReference; fileEncoding = 4; lastKnownFileType = sourcecode.swift; name = CurrencyViewModel.swift; path = Sources/ViewModels/CurrencyViewModel.swift; sourceTree = "<group>"; };
		A7552DFC1F09239800BAADA2 /* BasketTests.swift */ = {isa = PBXFileReference; fileEncoding = 4; lastKnownFileType = sourcecode.swift; path = BasketTests.swift; sourceTree = "<group>"; };
		A7552DFF1F0943FF00BAADA2 /* CurrencySelectorViewController.swift */ = {isa = PBXFileReference; fileEncoding = 4; lastKnownFileType = sourcecode.swift; name = CurrencySelectorViewController.swift; path = Sources/Controllers/CurrencySelectorViewController.swift; sourceTree = "<group>"; };
		A7552E011F09441C00BAADA2 /* ShopViewController.swift */ = {isa = PBXFileReference; fileEncoding = 4; lastKnownFileType = sourcecode.swift; name = ShopViewController.swift; path = Sources/Controllers/ShopViewController.swift; sourceTree = "<group>"; };
		A77BAC801F079A590023F2CD /* ShopBasket.app */ = {isa = PBXFileReference; explicitFileType = wrapper.application; includeInIndex = 0; path = ShopBasket.app; sourceTree = BUILT_PRODUCTS_DIR; };
		A77BAC831F079A590023F2CD /* AppDelegate.swift */ = {isa = PBXFileReference; lastKnownFileType = sourcecode.swift; path = AppDelegate.swift; sourceTree = "<group>"; };
		A77BAC881F079A590023F2CD /* Base */ = {isa = PBXFileReference; lastKnownFileType = file.storyboard; name = Base; path = Base.lproj/ShopBasket.storyboard; sourceTree = "<group>"; };
		A77BAC8A1F079A590023F2CD /* Assets.xcassets */ = {isa = PBXFileReference; lastKnownFileType = folder.assetcatalog; path = Assets.xcassets; sourceTree = "<group>"; };
		A77BAC8D1F079A590023F2CD /* Base */ = {isa = PBXFileReference; lastKnownFileType = file.storyboard; name = Base; path = Base.lproj/LaunchScreen.storyboard; sourceTree = "<group>"; };
		A77BAC8F1F079A590023F2CD /* Info.plist */ = {isa = PBXFileReference; lastKnownFileType = text.plist.xml; path = Info.plist; sourceTree = "<group>"; };
		A77BAC941F079A590023F2CD /* ShopBasketTests.xctest */ = {isa = PBXFileReference; explicitFileType = wrapper.cfbundle; includeInIndex = 0; path = ShopBasketTests.xctest; sourceTree = BUILT_PRODUCTS_DIR; };
		A77BAC981F079A590023F2CD /* ShopBasketTests.swift */ = {isa = PBXFileReference; lastKnownFileType = sourcecode.swift; path = ShopBasketTests.swift; sourceTree = "<group>"; };
		A77BAC9A1F079A590023F2CD /* Info.plist */ = {isa = PBXFileReference; lastKnownFileType = text.plist.xml; path = Info.plist; sourceTree = "<group>"; };
		A77BAC9F1F079A590023F2CD /* ShopBasketUITests.xctest */ = {isa = PBXFileReference; explicitFileType = wrapper.cfbundle; includeInIndex = 0; path = ShopBasketUITests.xctest; sourceTree = BUILT_PRODUCTS_DIR; };
		A77BACA31F079A590023F2CD /* ShopBasketUITests.swift */ = {isa = PBXFileReference; lastKnownFileType = sourcecode.swift; path = ShopBasketUITests.swift; sourceTree = "<group>"; };
		A77BACA51F079A590023F2CD /* Info.plist */ = {isa = PBXFileReference; lastKnownFileType = text.plist.xml; path = Info.plist; sourceTree = "<group>"; };
		A77BACB61F079B4E0023F2CD /* JSONRateService.swift */ = {isa = PBXFileReference; fileEncoding = 4; lastKnownFileType = sourcecode.swift; name = JSONRateService.swift; path = Sources/Services/JSONRateService.swift; sourceTree = "<group>"; };
		A77BACB81F079D4D0023F2CD /* currenciesMock.json */ = {isa = PBXFileReference; fileEncoding = 4; lastKnownFileType = text.json; name = currenciesMock.json; path = Sources/Resources/currenciesMock.json; sourceTree = "<group>"; };
		A77BACC21F07A3D90023F2CD /* Currency.swift */ = {isa = PBXFileReference; fileEncoding = 4; lastKnownFileType = sourcecode.swift; name = Currency.swift; path = Sources/Models/Currency.swift; sourceTree = "<group>"; };
		A77BACC51F07A3E30023F2CD /* Exchangeable.swift */ = {isa = PBXFileReference; fileEncoding = 4; lastKnownFileType = sourcecode.swift; name = Exchangeable.swift; path = Sources/Protocols/Exchangeable.swift; sourceTree = "<group>"; };
		A791C3221F07BED600A7666E /* CurrencyTests.swift */ = {isa = PBXFileReference; fileEncoding = 4; lastKnownFileType = sourcecode.swift; path = CurrencyTests.swift; sourceTree = "<group>"; };
		A791C3271F07D75200A7666E /* Basket.swift */ = {isa = PBXFileReference; fileEncoding = 4; lastKnownFileType = sourcecode.swift; name = Basket.swift; path = Sources/Models/Basket.swift; sourceTree = "<group>"; };
/* End PBXFileReference section */

/* Begin PBXFrameworksBuildPhase section */
		A77BAC7D1F079A590023F2CD /* Frameworks */ = {
			isa = PBXFrameworksBuildPhase;
			buildActionMask = 2147483647;
			files = (
			);
			runOnlyForDeploymentPostprocessing = 0;
		};
		A77BAC911F079A590023F2CD /* Frameworks */ = {
			isa = PBXFrameworksBuildPhase;
			buildActionMask = 2147483647;
			files = (
			);
			runOnlyForDeploymentPostprocessing = 0;
		};
		A77BAC9C1F079A590023F2CD /* Frameworks */ = {
			isa = PBXFrameworksBuildPhase;
			buildActionMask = 2147483647;
			files = (
			);
			runOnlyForDeploymentPostprocessing = 0;
		};
/* End PBXFrameworksBuildPhase section */

/* Begin PBXGroup section */
		A77692DA1F096D5C00201309 /* Views */ = {
			isa = PBXGroup;
			children = (
			);
			name = Views;
			sourceTree = "<group>";
		};
		A77BAC771F079A590023F2CD = {
			isa = PBXGroup;
			children = (
				A77BAC821F079A590023F2CD /* ShopBasket */,
				A77BACB41F079AB10023F2CD /* Resources */,
				A77BAC971F079A590023F2CD /* ShopBasketTests */,
				A77BACA21F079A590023F2CD /* ShopBasketUITests */,
				A77BAC811F079A590023F2CD /* Products */,
			);
			sourceTree = "<group>";
		};
		A77BAC811F079A590023F2CD /* Products */ = {
			isa = PBXGroup;
			children = (
				A77BAC801F079A590023F2CD /* ShopBasket.app */,
				A77BAC941F079A590023F2CD /* ShopBasketTests.xctest */,
				A77BAC9F1F079A590023F2CD /* ShopBasketUITests.xctest */,
			);
			name = Products;
			sourceTree = "<group>";
		};
		A77BAC821F079A590023F2CD /* ShopBasket */ = {
			isa = PBXGroup;
			children = (
				A77692DA1F096D5C00201309 /* Views */,
				A77BACBE1F07A36D0023F2CD /* Protocols */,
				A77BACB51F079AC70023F2CD /* Services */,
				A77BACB31F079A7E0023F2CD /* Controllers */,
				A77BACB21F079A720023F2CD /* ViewModels */,
				A77BACB11F079A6C0023F2CD /* Models */,
				A77BAC831F079A590023F2CD /* AppDelegate.swift */,
				A77BAC8F1F079A590023F2CD /* Info.plist */,
			);
			path = ShopBasket;
			sourceTree = "<group>";
		};
		A77BAC971F079A590023F2CD /* ShopBasketTests */ = {
			isa = PBXGroup;
			children = (
				A7552DFC1F09239800BAADA2 /* BasketTests.swift */,
				A791C3221F07BED600A7666E /* CurrencyTests.swift */,
				A77BAC981F079A590023F2CD /* ShopBasketTests.swift */,
				A77BAC9A1F079A590023F2CD /* Info.plist */,
			);
			path = ShopBasketTests;
			sourceTree = "<group>";
		};
		A77BACA21F079A590023F2CD /* ShopBasketUITests */ = {
			isa = PBXGroup;
			children = (
				A77BACA31F079A590023F2CD /* ShopBasketUITests.swift */,
				A77BACA51F079A590023F2CD /* Info.plist */,
			);
			path = ShopBasketUITests;
			sourceTree = "<group>";
		};
		A77BACB11F079A6C0023F2CD /* Models */ = {
			isa = PBXGroup;
			children = (
				A77BACC21F07A3D90023F2CD /* Currency.swift */,
				A791C3271F07D75200A7666E /* Basket.swift */,
			);
			name = Models;
			sourceTree = "<group>";
		};
		A77BACB21F079A720023F2CD /* ViewModels */ = {
			isa = PBXGroup;
			children = (
				A7552DFA1F08D7CB00BAADA2 /* CurrencyViewModel.swift */,
			);
			name = ViewModels;
			sourceTree = "<group>";
		};
		A77BACB31F079A7E0023F2CD /* Controllers */ = {
			isa = PBXGroup;
			children = (
				A7552E011F09441C00BAADA2 /* ShopViewController.swift */,
				A7552DFF1F0943FF00BAADA2 /* CurrencySelectorViewController.swift */,
			);
			name = Controllers;
			sourceTree = "<group>";
		};
		A77BACB41F079AB10023F2CD /* Resources */ = {
			isa = PBXGroup;
			children = (
				A77BAC8A1F079A590023F2CD /* Assets.xcassets */,
				A77BAC871F079A590023F2CD /* ShopBasket.storyboard */,
				A77BAC8C1F079A590023F2CD /* LaunchScreen.storyboard */,
				A77BACB81F079D4D0023F2CD /* currenciesMock.json */,
			);
			name = Resources;
			path = ShopBasket;
			sourceTree = "<group>";
		};
		A77BACB51F079AC70023F2CD /* Services */ = {
			isa = PBXGroup;
			children = (
				A77BACB61F079B4E0023F2CD /* JSONRateService.swift */,
			);
			name = Services;
			sourceTree = "<group>";
		};
		A77BACBE1F07A36D0023F2CD /* Protocols */ = {
			isa = PBXGroup;
			children = (
				A77BACC51F07A3E30023F2CD /* Exchangeable.swift */,
			);
			name = Protocols;
			sourceTree = "<group>";
		};
/* End PBXGroup section */

/* Begin PBXNativeTarget section */
		A77BAC7F1F079A590023F2CD /* ShopBasket */ = {
			isa = PBXNativeTarget;
			buildConfigurationList = A77BACA81F079A590023F2CD /* Build configuration list for PBXNativeTarget "ShopBasket" */;
			buildPhases = (
				A77BAC7C1F079A590023F2CD /* Sources */,
				A77BAC7D1F079A590023F2CD /* Frameworks */,
				A77BAC7E1F079A590023F2CD /* Resources */,
			);
			buildRules = (
			);
			dependencies = (
			);
			name = ShopBasket;
			productName = ShopBasket;
			productReference = A77BAC801F079A590023F2CD /* ShopBasket.app */;
			productType = "com.apple.product-type.application";
		};
		A77BAC931F079A590023F2CD /* ShopBasketTests */ = {
			isa = PBXNativeTarget;
			buildConfigurationList = A77BACAB1F079A590023F2CD /* Build configuration list for PBXNativeTarget "ShopBasketTests" */;
			buildPhases = (
				A77BAC901F079A590023F2CD /* Sources */,
				A77BAC911F079A590023F2CD /* Frameworks */,
				A77BAC921F079A590023F2CD /* Resources */,
			);
			buildRules = (
			);
			dependencies = (
				A77BAC961F079A590023F2CD /* PBXTargetDependency */,
			);
			name = ShopBasketTests;
			productName = ShopBasketTests;
			productReference = A77BAC941F079A590023F2CD /* ShopBasketTests.xctest */;
			productType = "com.apple.product-type.bundle.unit-test";
		};
		A77BAC9E1F079A590023F2CD /* ShopBasketUITests */ = {
			isa = PBXNativeTarget;
			buildConfigurationList = A77BACAE1F079A590023F2CD /* Build configuration list for PBXNativeTarget "ShopBasketUITests" */;
			buildPhases = (
				A77BAC9B1F079A590023F2CD /* Sources */,
				A77BAC9C1F079A590023F2CD /* Frameworks */,
				A77BAC9D1F079A590023F2CD /* Resources */,
			);
			buildRules = (
			);
			dependencies = (
				A77BACA11F079A590023F2CD /* PBXTargetDependency */,
			);
			name = ShopBasketUITests;
			productName = ShopBasketUITests;
			productReference = A77BAC9F1F079A590023F2CD /* ShopBasketUITests.xctest */;
			productType = "com.apple.product-type.bundle.ui-testing";
		};
/* End PBXNativeTarget section */

/* Begin PBXProject section */
		A77BAC781F079A590023F2CD /* Project object */ = {
			isa = PBXProject;
			attributes = {
				LastSwiftUpdateCheck = 0830;
				LastUpgradeCheck = 0830;
				ORGANIZATIONNAME = "Javier Quevedo";
				TargetAttributes = {
					A77BAC7F1F079A590023F2CD = {
						CreatedOnToolsVersion = 8.3.3;
						DevelopmentTeam = HXLA8AZ2X7;
						ProvisioningStyle = Automatic;
					};
					A77BAC931F079A590023F2CD = {
						CreatedOnToolsVersion = 8.3.3;
						DevelopmentTeam = HXLA8AZ2X7;
						ProvisioningStyle = Automatic;
						TestTargetID = A77BAC7F1F079A590023F2CD;
					};
					A77BAC9E1F079A590023F2CD = {
						CreatedOnToolsVersion = 8.3.3;
						DevelopmentTeam = HXLA8AZ2X7;
						ProvisioningStyle = Automatic;
						TestTargetID = A77BAC7F1F079A590023F2CD;
					};
				};
			};
			buildConfigurationList = A77BAC7B1F079A590023F2CD /* Build configuration list for PBXProject "ShopBasket" */;
			compatibilityVersion = "Xcode 3.2";
			developmentRegion = English;
			hasScannedForEncodings = 0;
			knownRegions = (
				en,
				Base,
			);
			mainGroup = A77BAC771F079A590023F2CD;
			productRefGroup = A77BAC811F079A590023F2CD /* Products */;
			projectDirPath = "";
			projectRoot = "";
			targets = (
				A77BAC7F1F079A590023F2CD /* ShopBasket */,
				A77BAC931F079A590023F2CD /* ShopBasketTests */,
				A77BAC9E1F079A590023F2CD /* ShopBasketUITests */,
			);
		};
/* End PBXProject section */

/* Begin PBXResourcesBuildPhase section */
		A77BAC7E1F079A590023F2CD /* Resources */ = {
			isa = PBXResourcesBuildPhase;
			buildActionMask = 2147483647;
			files = (
				A77BACB91F079D4D0023F2CD /* currenciesMock.json in Resources */,
				A77BAC8E1F079A590023F2CD /* LaunchScreen.storyboard in Resources */,
				A77BAC8B1F079A590023F2CD /* Assets.xcassets in Resources */,
				A77BAC891F079A590023F2CD /* ShopBasket.storyboard in Resources */,
			);
			runOnlyForDeploymentPostprocessing = 0;
		};
		A77BAC921F079A590023F2CD /* Resources */ = {
			isa = PBXResourcesBuildPhase;
			buildActionMask = 2147483647;
			files = (
				A77BACBA1F079D4D0023F2CD /* currenciesMock.json in Resources */,
			);
			runOnlyForDeploymentPostprocessing = 0;
		};
		A77BAC9D1F079A590023F2CD /* Resources */ = {
			isa = PBXResourcesBuildPhase;
			buildActionMask = 2147483647;
			files = (
			);
			runOnlyForDeploymentPostprocessing = 0;
		};
/* End PBXResourcesBuildPhase section */

/* Begin PBXSourcesBuildPhase section */
		A77BAC7C1F079A590023F2CD /* Sources */ = {
			isa = PBXSourcesBuildPhase;
			buildActionMask = 2147483647;
			files = (
				A791C3211F07A98700A7666E /* Currency.swift in Sources */,
				A791C3281F07D75200A7666E /* Basket.swift in Sources */,
				A7552E001F0943FF00BAADA2 /* CurrencySelectorViewController.swift in Sources */,
				A7552DFB1F08D7CB00BAADA2 /* CurrencyViewModel.swift in Sources */,
				A7552E021F09441C00BAADA2 /* ShopViewController.swift in Sources */,
				A77BACC61F07A3E30023F2CD /* Exchangeable.swift in Sources */,
				A77BAC841F079A590023F2CD /* AppDelegate.swift in Sources */,
				A77BACB71F079B4E0023F2CD /* JSONRateService.swift in Sources */,
			);
			runOnlyForDeploymentPostprocessing = 0;
		};
		A77BAC901F079A590023F2CD /* Sources */ = {
			isa = PBXSourcesBuildPhase;
			buildActionMask = 2147483647;
			files = (
				A791C3231F07BED600A7666E /* CurrencyTests.swift in Sources */,
				A7552DFD1F09239800BAADA2 /* BasketTests.swift in Sources */,
				A77BACC91F07A6880023F2CD /* Currency.swift in Sources */,
				A7552DFE1F09351F00BAADA2 /* Basket.swift in Sources */,
				A77BACC71F07A3E30023F2CD /* Exchangeable.swift in Sources */,
				A77BAC991F079A590023F2CD /* ShopBasketTests.swift in Sources */,
			);
			runOnlyForDeploymentPostprocessing = 0;
		};
		A77BAC9B1F079A590023F2CD /* Sources */ = {
			isa = PBXSourcesBuildPhase;
			buildActionMask = 2147483647;
			files = (
				A77BACA41F079A590023F2CD /* ShopBasketUITests.swift in Sources */,
			);
			runOnlyForDeploymentPostprocessing = 0;
		};
/* End PBXSourcesBuildPhase section */

/* Begin PBXTargetDependency section */
		A77BAC961F079A590023F2CD /* PBXTargetDependency */ = {
			isa = PBXTargetDependency;
			target = A77BAC7F1F079A590023F2CD /* ShopBasket */;
			targetProxy = A77BAC951F079A590023F2CD /* PBXContainerItemProxy */;
		};
		A77BACA11F079A590023F2CD /* PBXTargetDependency */ = {
			isa = PBXTargetDependency;
			target = A77BAC7F1F079A590023F2CD /* ShopBasket */;
			targetProxy = A77BACA01F079A590023F2CD /* PBXContainerItemProxy */;
		};
/* End PBXTargetDependency section */

/* Begin PBXVariantGroup section */
		A77BAC871F079A590023F2CD /* ShopBasket.storyboard */ = {
			isa = PBXVariantGroup;
			children = (
				A77BAC881F079A590023F2CD /* Base */,
			);
			name = ShopBasket.storyboard;
			sourceTree = "<group>";
		};
		A77BAC8C1F079A590023F2CD /* LaunchScreen.storyboard */ = {
			isa = PBXVariantGroup;
			children = (
				A77BAC8D1F079A590023F2CD /* Base */,
			);
			name = LaunchScreen.storyboard;
			sourceTree = "<group>";
		};
/* End PBXVariantGroup section */

/* Begin XCBuildConfiguration section */
		A77BACA61F079A590023F2CD /* Debug */ = {
			isa = XCBuildConfiguration;
			buildSettings = {
				ALWAYS_SEARCH_USER_PATHS = NO;
				CLANG_ANALYZER_NONNULL = YES;
				CLANG_ANALYZER_NUMBER_OBJECT_CONVERSION = YES_AGGRESSIVE;
				CLANG_CXX_LANGUAGE_STANDARD = "gnu++0x";
				CLANG_CXX_LIBRARY = "libc++";
				CLANG_ENABLE_MODULES = YES;
				CLANG_ENABLE_OBJC_ARC = YES;
				CLANG_WARN_BOOL_CONVERSION = YES;
				CLANG_WARN_CONSTANT_CONVERSION = YES;
				CLANG_WARN_DIRECT_OBJC_ISA_USAGE = YES_ERROR;
				CLANG_WARN_DOCUMENTATION_COMMENTS = YES;
				CLANG_WARN_EMPTY_BODY = YES;
				CLANG_WARN_ENUM_CONVERSION = YES;
				CLANG_WARN_INFINITE_RECURSION = YES;
				CLANG_WARN_INT_CONVERSION = YES;
				CLANG_WARN_OBJC_ROOT_CLASS = YES_ERROR;
				CLANG_WARN_SUSPICIOUS_MOVE = YES;
				CLANG_WARN_UNREACHABLE_CODE = YES;
				CLANG_WARN__DUPLICATE_METHOD_MATCH = YES;
				"CODE_SIGN_IDENTITY[sdk=iphoneos*]" = "iPhone Developer";
				COPY_PHASE_STRIP = NO;
				DEBUG_INFORMATION_FORMAT = dwarf;
				ENABLE_STRICT_OBJC_MSGSEND = YES;
				ENABLE_TESTABILITY = YES;
				GCC_C_LANGUAGE_STANDARD = gnu99;
				GCC_DYNAMIC_NO_PIC = NO;
				GCC_NO_COMMON_BLOCKS = YES;
				GCC_OPTIMIZATION_LEVEL = 0;
				GCC_PREPROCESSOR_DEFINITIONS = (
					"DEBUG=1",
					"$(inherited)",
				);
				GCC_WARN_64_TO_32_BIT_CONVERSION = YES;
				GCC_WARN_ABOUT_RETURN_TYPE = YES_ERROR;
				GCC_WARN_UNDECLARED_SELECTOR = YES;
				GCC_WARN_UNINITIALIZED_AUTOS = YES_AGGRESSIVE;
				GCC_WARN_UNUSED_FUNCTION = YES;
				GCC_WARN_UNUSED_VARIABLE = YES;
				IPHONEOS_DEPLOYMENT_TARGET = 10.3;
				MTL_ENABLE_DEBUG_INFO = YES;
				ONLY_ACTIVE_ARCH = YES;
				SDKROOT = iphoneos;
				SWIFT_ACTIVE_COMPILATION_CONDITIONS = DEBUG;
				SWIFT_OPTIMIZATION_LEVEL = "-Onone";
				TARGETED_DEVICE_FAMILY = "1,2";
			};
			name = Debug;
		};
		A77BACA71F079A590023F2CD /* Release */ = {
			isa = XCBuildConfiguration;
			buildSettings = {
				ALWAYS_SEARCH_USER_PATHS = NO;
				CLANG_ANALYZER_NONNULL = YES;
				CLANG_ANALYZER_NUMBER_OBJECT_CONVERSION = YES_AGGRESSIVE;
				CLANG_CXX_LANGUAGE_STANDARD = "gnu++0x";
				CLANG_CXX_LIBRARY = "libc++";
				CLANG_ENABLE_MODULES = YES;
				CLANG_ENABLE_OBJC_ARC = YES;
				CLANG_WARN_BOOL_CONVERSION = YES;
				CLANG_WARN_CONSTANT_CONVERSION = YES;
				CLANG_WARN_DIRECT_OBJC_ISA_USAGE = YES_ERROR;
				CLANG_WARN_DOCUMENTATION_COMMENTS = YES;
				CLANG_WARN_EMPTY_BODY = YES;
				CLANG_WARN_ENUM_CONVERSION = YES;
				CLANG_WARN_INFINITE_RECURSION = YES;
				CLANG_WARN_INT_CONVERSION = YES;
				CLANG_WARN_OBJC_ROOT_CLASS = YES_ERROR;
				CLANG_WARN_SUSPICIOUS_MOVE = YES;
				CLANG_WARN_UNREACHABLE_CODE = YES;
				CLANG_WARN__DUPLICATE_METHOD_MATCH = YES;
				"CODE_SIGN_IDENTITY[sdk=iphoneos*]" = "iPhone Developer";
				COPY_PHASE_STRIP = NO;
				DEBUG_INFORMATION_FORMAT = "dwarf-with-dsym";
				ENABLE_NS_ASSERTIONS = NO;
				ENABLE_STRICT_OBJC_MSGSEND = YES;
				GCC_C_LANGUAGE_STANDARD = gnu99;
				GCC_NO_COMMON_BLOCKS = YES;
				GCC_WARN_64_TO_32_BIT_CONVERSION = YES;
				GCC_WARN_ABOUT_RETURN_TYPE = YES_ERROR;
				GCC_WARN_UNDECLARED_SELECTOR = YES;
				GCC_WARN_UNINITIALIZED_AUTOS = YES_AGGRESSIVE;
				GCC_WARN_UNUSED_FUNCTION = YES;
				GCC_WARN_UNUSED_VARIABLE = YES;
				IPHONEOS_DEPLOYMENT_TARGET = 10.3;
				MTL_ENABLE_DEBUG_INFO = NO;
				SDKROOT = iphoneos;
				SWIFT_OPTIMIZATION_LEVEL = "-Owholemodule";
				TARGETED_DEVICE_FAMILY = "1,2";
				VALIDATE_PRODUCT = YES;
			};
			name = Release;
		};
		A77BACA91F079A590023F2CD /* Debug */ = {
			isa = XCBuildConfiguration;
			buildSettings = {
				ASSETCATALOG_COMPILER_APPICON_NAME = AppIcon;
				DEVELOPMENT_TEAM = HXLA8AZ2X7;
				INFOPLIST_FILE = ShopBasket/Info.plist;
				LD_RUNPATH_SEARCH_PATHS = "$(inherited) @executable_path/Frameworks";
				PRODUCT_BUNDLE_IDENTIFIER = jqf.ShopBasket;
				PRODUCT_NAME = "$(TARGET_NAME)";
				SWIFT_VERSION = 3.0;
			};
			name = Debug;
		};
		A77BACAA1F079A590023F2CD /* Release */ = {
			isa = XCBuildConfiguration;
			buildSettings = {
				ASSETCATALOG_COMPILER_APPICON_NAME = AppIcon;
				DEVELOPMENT_TEAM = HXLA8AZ2X7;
				INFOPLIST_FILE = ShopBasket/Info.plist;
				LD_RUNPATH_SEARCH_PATHS = "$(inherited) @executable_path/Frameworks";
				PRODUCT_BUNDLE_IDENTIFIER = jqf.ShopBasket;
				PRODUCT_NAME = "$(TARGET_NAME)";
				SWIFT_VERSION = 3.0;
			};
			name = Release;
		};
		A77BACAC1F079A590023F2CD /* Debug */ = {
			isa = XCBuildConfiguration;
			buildSettings = {
				ALWAYS_EMBED_SWIFT_STANDARD_LIBRARIES = YES;
				BUNDLE_LOADER = "$(TEST_HOST)";
				DEVELOPMENT_TEAM = HXLA8AZ2X7;
				INFOPLIST_FILE = ShopBasketTests/Info.plist;
				LD_RUNPATH_SEARCH_PATHS = "$(inherited) @executable_path/Frameworks @loader_path/Frameworks";
				PRODUCT_BUNDLE_IDENTIFIER = jqf.ShopBasketTests;
				PRODUCT_NAME = "$(TARGET_NAME)";
				SWIFT_VERSION = 3.0;
				TEST_HOST = "$(BUILT_PRODUCTS_DIR)/ShopBasket.app/ShopBasket";
			};
			name = Debug;
		};
		A77BACAD1F079A590023F2CD /* Release */ = {
			isa = XCBuildConfiguration;
			buildSettings = {
				ALWAYS_EMBED_SWIFT_STANDARD_LIBRARIES = YES;
				BUNDLE_LOADER = "$(TEST_HOST)";
				DEVELOPMENT_TEAM = HXLA8AZ2X7;
				INFOPLIST_FILE = ShopBasketTests/Info.plist;
				LD_RUNPATH_SEARCH_PATHS = "$(inherited) @executable_path/Frameworks @loader_path/Frameworks";
				PRODUCT_BUNDLE_IDENTIFIER = jqf.ShopBasketTests;
				PRODUCT_NAME = "$(TARGET_NAME)";
				SWIFT_VERSION = 3.0;
				TEST_HOST = "$(BUILT_PRODUCTS_DIR)/ShopBasket.app/ShopBasket";
			};
			name = Release;
		};
		A77BACAF1F079A590023F2CD /* Debug */ = {
			isa = XCBuildConfiguration;
			buildSettings = {
				ALWAYS_EMBED_SWIFT_STANDARD_LIBRARIES = YES;
				DEVELOPMENT_TEAM = HXLA8AZ2X7;
				INFOPLIST_FILE = ShopBasketUITests/Info.plist;
				LD_RUNPATH_SEARCH_PATHS = "$(inherited) @executable_path/Frameworks @loader_path/Frameworks";
				PRODUCT_BUNDLE_IDENTIFIER = jqf.ShopBasketUITests;
				PRODUCT_NAME = "$(TARGET_NAME)";
				SWIFT_VERSION = 3.0;
				TEST_TARGET_NAME = ShopBasket;
			};
			name = Debug;
		};
		A77BACB01F079A590023F2CD /* Release */ = {
			isa = XCBuildConfiguration;
			buildSettings = {
				ALWAYS_EMBED_SWIFT_STANDARD_LIBRARIES = YES;
				DEVELOPMENT_TEAM = HXLA8AZ2X7;
				INFOPLIST_FILE = ShopBasketUITests/Info.plist;
				LD_RUNPATH_SEARCH_PATHS = "$(inherited) @executable_path/Frameworks @loader_path/Frameworks";
				PRODUCT_BUNDLE_IDENTIFIER = jqf.ShopBasketUITests;
				PRODUCT_NAME = "$(TARGET_NAME)";
				SWIFT_VERSION = 3.0;
				TEST_TARGET_NAME = ShopBasket;
			};
			name = Release;
		};
/* End XCBuildConfiguration section */

/* Begin XCConfigurationList section */
		A77BAC7B1F079A590023F2CD /* Build configuration list for PBXProject "ShopBasket" */ = {
			isa = XCConfigurationList;
			buildConfigurations = (
				A77BACA61F079A590023F2CD /* Debug */,
				A77BACA71F079A590023F2CD /* Release */,
			);
			defaultConfigurationIsVisible = 0;
			defaultConfigurationName = Release;
		};
		A77BACA81F079A590023F2CD /* Build configuration list for PBXNativeTarget "ShopBasket" */ = {
			isa = XCConfigurationList;
			buildConfigurations = (
				A77BACA91F079A590023F2CD /* Debug */,
				A77BACAA1F079A590023F2CD /* Release */,
			);
			defaultConfigurationIsVisible = 0;
			defaultConfigurationName = Release;
		};
		A77BACAB1F079A590023F2CD /* Build configuration list for PBXNativeTarget "ShopBasketTests" */ = {
			isa = XCConfigurationList;
			buildConfigurations = (
				A77BACAC1F079A590023F2CD /* Debug */,
				A77BACAD1F079A590023F2CD /* Release */,
			);
			defaultConfigurationIsVisible = 0;
			defaultConfigurationName = Release;
		};
		A77BACAE1F079A590023F2CD /* Build configuration list for PBXNativeTarget "ShopBasketUITests" */ = {
			isa = XCConfigurationList;
			buildConfigurations = (
				A77BACAF1F079A590023F2CD /* Debug */,
				A77BACB01F079A590023F2CD /* Release */,
			);
			defaultConfigurationIsVisible = 0;
			defaultConfigurationName = Release;
		};
/* End XCConfigurationList section */
	};
	rootObject = A77BAC781F079A590023F2CD /* Project object */;
}
